
Microsoft Visual Studio Solution File, Format Version 12.00
# Visual Studio 15
VisualStudioVersion = 15.0.28307.271
MinimumVisualStudioVersion = 10.0.40219.1
Project("{2150E333-8FDC-42A3-9474-1A3956D46DE8}") = "Products", "Products", "{802244A9-DF1F-47FF-B626-23CBB31B2E5B}"
EndProject
Project("{9A19103F-16F7-4668-BE54-9A1E7A4F7556}") = "Products.Api", "Products\Products.Api\Products.Api.csproj", "{86C0EDEB-EC2B-4768-BDFE-0DFD6F4C1E34}"
EndProject
Project("{9A19103F-16F7-4668-BE54-9A1E7A4F7556}") = "Products.Infrastructure", "Products\Products.Infrastructure\Products.Infrastructure.csproj", "{AEB60C1E-35B8-46D7-AA79-3136A0569A22}"
EndProject
Project("{9A19103F-16F7-4668-BE54-9A1E7A4F7556}") = "Products.Core", "Products\Products.Core\Products.Core.csproj", "{CFED639F-92E4-49F3-B825-E413CB5C2749}"
EndProject
Project("{2150E333-8FDC-42A3-9474-1A3956D46DE8}") = "Lib", "Lib", "{BFC778AC-CFF9-4EAE-9C31-7AED4E500799}"
EndProject
Project("{9A19103F-16F7-4668-BE54-9A1E7A4F7556}") = "Products.Application", "Products\Products.Application\Products.Application.csproj", "{F5876C56-EBC9-4E1A-AA49-5A815C5D68EF}"
EndProject
Project("{9A19103F-16F7-4668-BE54-9A1E7A4F7556}") = "Http", "Lib\Http\Http.csproj", "{56C7643C-795D-4801-9250-2724669A304E}"
EndProject
Project("{2150E333-8FDC-42A3-9474-1A3956D46DE8}") = "Backend", "Backend", "{F7B828CA-743C-41AB-998B-B8B44892E51B}"
EndProject
Project("{9A19103F-16F7-4668-BE54-9A1E7A4F7556}") = "Backend.Api", "Backend\Backend.Api\Backend.Api.csproj", "{BEE797E5-539A-45D3-89B2-BEF9339D9A17}"
EndProject
Project("{9A19103F-16F7-4668-BE54-9A1E7A4F7556}") = "Backend.Application", "Backend\Backend.Application\Backend.Application.csproj", "{C1D9577E-2C6C-4262-BB35-605E7AAE9378}"
EndProject
Project("{9A19103F-16F7-4668-BE54-9A1E7A4F7556}") = "Backend.Infrastructure", "Backend\Backend.Infrastructure\Backend.Infrastructure.csproj", "{3891B0FA-6151-43B3-80A7-E27FDD409099}"
EndProject
Project("{9A19103F-16F7-4668-BE54-9A1E7A4F7556}") = "Repositories.Abstractions", "Lib\Repositories.Abstractions\Repositories.Abstractions.csproj", "{F1F0EE88-C8C3-4BEC-8C11-015736F89866}"
EndProject
Project("{9A19103F-16F7-4668-BE54-9A1E7A4F7556}") = "Queries.Abstractions", "Lib\Queries.Abstractions\Queries.Abstractions.csproj", "{4E9DE099-E8C4-41A1-A6F5-DC267747B3D6}"
EndProject
Project("{2150E333-8FDC-42A3-9474-1A3956D46DE8}") = "EmailAgent", "EmailAgent", "{CF00287A-7CD6-45D5-B043-203B2416CB59}"
EndProject
Project("{9A19103F-16F7-4668-BE54-9A1E7A4F7556}") = "EmailAgent.Api", "EmailAgent\EmailAgent.Api\EmailAgent.Api.csproj", "{B824A6E5-6981-4F02-A5D8-2AF4EC23B5CB}"
EndProject
Project("{9A19103F-16F7-4668-BE54-9A1E7A4F7556}") = "EmailAgent.Application", "EmailAgent\EmailAgent.Application\EmailAgent.Application.csproj", "{8EDD5F29-8974-4297-A406-1FCA6C8291CD}"
EndProject
Project("{9A19103F-16F7-4668-BE54-9A1E7A4F7556}") = "EmailAgent.Infrastructure", "EmailAgent\EmailAgent.Infrastructure\EmailAgent.Infrastructure.csproj", "{5B6EBCA2-5C87-4B84-BCCE-FD13CDB95EED}"
EndProject
Project("{9A19103F-16F7-4668-BE54-9A1E7A4F7556}") = "KeyValueStorage", "Lib\KeyValueStorage\KeyValueStorage.csproj", "{32C40BA6-D125-4B38-ABFC-680E2F4B9FC4}"
EndProject
Project("{9A19103F-16F7-4668-BE54-9A1E7A4F7556}") = "KeyValueStorage.Abstractions", "Lib\KeyValueStorage.Abstractions\KeyValueStorage.Abstractions.csproj", "{5DAA2CE0-7672-4418-B96A-E5296336B334}"
EndProject
Project("{9A19103F-16F7-4668-BE54-9A1E7A4F7556}") = "Bus.Abstractions", "Lib\Bus.Abstractions\Bus.Abstractions.csproj", "{50CC6221-B875-41C4-A3F4-7710F067A4B7}"
EndProject
Project("{9A19103F-16F7-4668-BE54-9A1E7A4F7556}") = "Bus", "Lib\Bus\Bus.csproj", "{EA58BF57-CD3A-4AE1-8E49-0FD5CFFDD7EF}"
EndProject
Project("{9A19103F-16F7-4668-BE54-9A1E7A4F7556}") = "IntegrationEvents", "Lib\IntegrationEvents\IntegrationEvents.csproj", "{049D0CEB-3C8C-40B7-9E8E-ECB711DACA62}"
EndProject
Project("{9A19103F-16F7-4668-BE54-9A1E7A4F7556}") = "Repositories", "Lib\Repositories\Repositories.csproj", "{58A179D8-C0D5-4C16-9917-B12B3798E6B1}"
EndProject
Project("{2150E333-8FDC-42A3-9474-1A3956D46DE8}") = "Bank", "Bank", "{D7BAF576-D7DE-414D-9259-67E8CD144EC1}"
EndProject
Project("{FAE04EC0-301F-11D3-BF4B-00C04F79EFBC}") = "Bank.Api", "Banks\Bank.Api\Bank.Api.csproj", "{69F36738-577A-4F3B-A8BA-D52D7AA469BF}"
EndProject
Project("{FAE04EC0-301F-11D3-BF4B-00C04F79EFBC}") = "Bank.Application", "Banks\Bank.Application\Bank.Application.csproj", "{BB5E8CF4-556B-4E72-9FB2-754C4FC0EB69}"
EndProject
Project("{FAE04EC0-301F-11D3-BF4B-00C04F79EFBC}") = "Bank.Infrastructure", "Bank.Infrastructure\Bank.Infrastructure.csproj", "{9764F5FB-3850-4253-816F-08AE315A4D09}"
EndProject
Project("{FAE04EC0-301F-11D3-BF4B-00C04F79EFBC}") = "Bank.Core", "Banks\Bank.Core\Bank.Core.csproj", "{555C59A2-C765-4926-8DE8-3668E7F3E678}"
EndProject
Global
	GlobalSection(SolutionConfigurationPlatforms) = preSolution
		Debug|Any CPU = Debug|Any CPU
		Release|Any CPU = Release|Any CPU
	EndGlobalSection
	GlobalSection(ProjectConfigurationPlatforms) = postSolution
		{86C0EDEB-EC2B-4768-BDFE-0DFD6F4C1E34}.Debug|Any CPU.ActiveCfg = Debug|Any CPU
		{86C0EDEB-EC2B-4768-BDFE-0DFD6F4C1E34}.Debug|Any CPU.Build.0 = Debug|Any CPU
		{86C0EDEB-EC2B-4768-BDFE-0DFD6F4C1E34}.Release|Any CPU.ActiveCfg = Release|Any CPU
		{86C0EDEB-EC2B-4768-BDFE-0DFD6F4C1E34}.Release|Any CPU.Build.0 = Release|Any CPU
		{AEB60C1E-35B8-46D7-AA79-3136A0569A22}.Debug|Any CPU.ActiveCfg = Debug|Any CPU
		{AEB60C1E-35B8-46D7-AA79-3136A0569A22}.Debug|Any CPU.Build.0 = Debug|Any CPU
		{AEB60C1E-35B8-46D7-AA79-3136A0569A22}.Release|Any CPU.ActiveCfg = Release|Any CPU
		{AEB60C1E-35B8-46D7-AA79-3136A0569A22}.Release|Any CPU.Build.0 = Release|Any CPU
		{CFED639F-92E4-49F3-B825-E413CB5C2749}.Debug|Any CPU.ActiveCfg = Debug|Any CPU
		{CFED639F-92E4-49F3-B825-E413CB5C2749}.Debug|Any CPU.Build.0 = Debug|Any CPU
		{CFED639F-92E4-49F3-B825-E413CB5C2749}.Release|Any CPU.ActiveCfg = Release|Any CPU
		{CFED639F-92E4-49F3-B825-E413CB5C2749}.Release|Any CPU.Build.0 = Release|Any CPU
		{F5876C56-EBC9-4E1A-AA49-5A815C5D68EF}.Debug|Any CPU.ActiveCfg = Debug|Any CPU
		{F5876C56-EBC9-4E1A-AA49-5A815C5D68EF}.Debug|Any CPU.Build.0 = Debug|Any CPU
		{F5876C56-EBC9-4E1A-AA49-5A815C5D68EF}.Release|Any CPU.ActiveCfg = Release|Any CPU
		{F5876C56-EBC9-4E1A-AA49-5A815C5D68EF}.Release|Any CPU.Build.0 = Release|Any CPU
		{56C7643C-795D-4801-9250-2724669A304E}.Debug|Any CPU.ActiveCfg = Debug|Any CPU
		{56C7643C-795D-4801-9250-2724669A304E}.Debug|Any CPU.Build.0 = Debug|Any CPU
		{56C7643C-795D-4801-9250-2724669A304E}.Release|Any CPU.ActiveCfg = Release|Any CPU
		{56C7643C-795D-4801-9250-2724669A304E}.Release|Any CPU.Build.0 = Release|Any CPU
		{BEE797E5-539A-45D3-89B2-BEF9339D9A17}.Debug|Any CPU.ActiveCfg = Debug|Any CPU
		{BEE797E5-539A-45D3-89B2-BEF9339D9A17}.Debug|Any CPU.Build.0 = Debug|Any CPU
		{BEE797E5-539A-45D3-89B2-BEF9339D9A17}.Release|Any CPU.ActiveCfg = Release|Any CPU
		{BEE797E5-539A-45D3-89B2-BEF9339D9A17}.Release|Any CPU.Build.0 = Release|Any CPU
		{C1D9577E-2C6C-4262-BB35-605E7AAE9378}.Debug|Any CPU.ActiveCfg = Debug|Any CPU
		{C1D9577E-2C6C-4262-BB35-605E7AAE9378}.Debug|Any CPU.Build.0 = Debug|Any CPU
		{C1D9577E-2C6C-4262-BB35-605E7AAE9378}.Release|Any CPU.ActiveCfg = Release|Any CPU
		{C1D9577E-2C6C-4262-BB35-605E7AAE9378}.Release|Any CPU.Build.0 = Release|Any CPU
		{3891B0FA-6151-43B3-80A7-E27FDD409099}.Debug|Any CPU.ActiveCfg = Debug|Any CPU
		{3891B0FA-6151-43B3-80A7-E27FDD409099}.Debug|Any CPU.Build.0 = Debug|Any CPU
		{3891B0FA-6151-43B3-80A7-E27FDD409099}.Release|Any CPU.ActiveCfg = Release|Any CPU
		{3891B0FA-6151-43B3-80A7-E27FDD409099}.Release|Any CPU.Build.0 = Release|Any CPU
		{F1F0EE88-C8C3-4BEC-8C11-015736F89866}.Debug|Any CPU.ActiveCfg = Debug|Any CPU
		{F1F0EE88-C8C3-4BEC-8C11-015736F89866}.Debug|Any CPU.Build.0 = Debug|Any CPU
		{F1F0EE88-C8C3-4BEC-8C11-015736F89866}.Release|Any CPU.ActiveCfg = Release|Any CPU
		{F1F0EE88-C8C3-4BEC-8C11-015736F89866}.Release|Any CPU.Build.0 = Release|Any CPU
		{4E9DE099-E8C4-41A1-A6F5-DC267747B3D6}.Debug|Any CPU.ActiveCfg = Debug|Any CPU
		{4E9DE099-E8C4-41A1-A6F5-DC267747B3D6}.Debug|Any CPU.Build.0 = Debug|Any CPU
		{4E9DE099-E8C4-41A1-A6F5-DC267747B3D6}.Release|Any CPU.ActiveCfg = Release|Any CPU
		{4E9DE099-E8C4-41A1-A6F5-DC267747B3D6}.Release|Any CPU.Build.0 = Release|Any CPU
		{B824A6E5-6981-4F02-A5D8-2AF4EC23B5CB}.Debug|Any CPU.ActiveCfg = Debug|Any CPU
		{B824A6E5-6981-4F02-A5D8-2AF4EC23B5CB}.Debug|Any CPU.Build.0 = Debug|Any CPU
		{B824A6E5-6981-4F02-A5D8-2AF4EC23B5CB}.Release|Any CPU.ActiveCfg = Release|Any CPU
		{B824A6E5-6981-4F02-A5D8-2AF4EC23B5CB}.Release|Any CPU.Build.0 = Release|Any CPU
		{8EDD5F29-8974-4297-A406-1FCA6C8291CD}.Debug|Any CPU.ActiveCfg = Debug|Any CPU
		{8EDD5F29-8974-4297-A406-1FCA6C8291CD}.Debug|Any CPU.Build.0 = Debug|Any CPU
		{8EDD5F29-8974-4297-A406-1FCA6C8291CD}.Release|Any CPU.ActiveCfg = Release|Any CPU
		{8EDD5F29-8974-4297-A406-1FCA6C8291CD}.Release|Any CPU.Build.0 = Release|Any CPU
		{5B6EBCA2-5C87-4B84-BCCE-FD13CDB95EED}.Debug|Any CPU.ActiveCfg = Debug|Any CPU
		{5B6EBCA2-5C87-4B84-BCCE-FD13CDB95EED}.Debug|Any CPU.Build.0 = Debug|Any CPU
		{5B6EBCA2-5C87-4B84-BCCE-FD13CDB95EED}.Release|Any CPU.ActiveCfg = Release|Any CPU
		{5B6EBCA2-5C87-4B84-BCCE-FD13CDB95EED}.Release|Any CPU.Build.0 = Release|Any CPU
		{32C40BA6-D125-4B38-ABFC-680E2F4B9FC4}.Debug|Any CPU.ActiveCfg = Debug|Any CPU
		{32C40BA6-D125-4B38-ABFC-680E2F4B9FC4}.Debug|Any CPU.Build.0 = Debug|Any CPU
		{32C40BA6-D125-4B38-ABFC-680E2F4B9FC4}.Release|Any CPU.ActiveCfg = Release|Any CPU
		{32C40BA6-D125-4B38-ABFC-680E2F4B9FC4}.Release|Any CPU.Build.0 = Release|Any CPU
		{5DAA2CE0-7672-4418-B96A-E5296336B334}.Debug|Any CPU.ActiveCfg = Debug|Any CPU
		{5DAA2CE0-7672-4418-B96A-E5296336B334}.Debug|Any CPU.Build.0 = Debug|Any CPU
		{5DAA2CE0-7672-4418-B96A-E5296336B334}.Release|Any CPU.ActiveCfg = Release|Any CPU
		{5DAA2CE0-7672-4418-B96A-E5296336B334}.Release|Any CPU.Build.0 = Release|Any CPU
		{50CC6221-B875-41C4-A3F4-7710F067A4B7}.Debug|Any CPU.ActiveCfg = Debug|Any CPU
		{50CC6221-B875-41C4-A3F4-7710F067A4B7}.Debug|Any CPU.Build.0 = Debug|Any CPU
		{50CC6221-B875-41C4-A3F4-7710F067A4B7}.Release|Any CPU.ActiveCfg = Release|Any CPU
		{50CC6221-B875-41C4-A3F4-7710F067A4B7}.Release|Any CPU.Build.0 = Release|Any CPU
		{EA58BF57-CD3A-4AE1-8E49-0FD5CFFDD7EF}.Debug|Any CPU.ActiveCfg = Debug|Any CPU
		{EA58BF57-CD3A-4AE1-8E49-0FD5CFFDD7EF}.Debug|Any CPU.Build.0 = Debug|Any CPU
		{EA58BF57-CD3A-4AE1-8E49-0FD5CFFDD7EF}.Release|Any CPU.ActiveCfg = Release|Any CPU
		{EA58BF57-CD3A-4AE1-8E49-0FD5CFFDD7EF}.Release|Any CPU.Build.0 = Release|Any CPU
		{049D0CEB-3C8C-40B7-9E8E-ECB711DACA62}.Debug|Any CPU.ActiveCfg = Debug|Any CPU
		{049D0CEB-3C8C-40B7-9E8E-ECB711DACA62}.Debug|Any CPU.Build.0 = Debug|Any CPU
		{049D0CEB-3C8C-40B7-9E8E-ECB711DACA62}.Release|Any CPU.ActiveCfg = Release|Any CPU
		{049D0CEB-3C8C-40B7-9E8E-ECB711DACA62}.Release|Any CPU.Build.0 = Release|Any CPU
		{58A179D8-C0D5-4C16-9917-B12B3798E6B1}.Debug|Any CPU.ActiveCfg = Debug|Any CPU
		{58A179D8-C0D5-4C16-9917-B12B3798E6B1}.Debug|Any CPU.Build.0 = Debug|Any CPU
		{58A179D8-C0D5-4C16-9917-B12B3798E6B1}.Release|Any CPU.ActiveCfg = Release|Any CPU
		{58A179D8-C0D5-4C16-9917-B12B3798E6B1}.Release|Any CPU.Build.0 = Release|Any CPU
		{69F36738-577A-4F3B-A8BA-D52D7AA469BF}.Debug|Any CPU.ActiveCfg = Debug|Any CPU
		{69F36738-577A-4F3B-A8BA-D52D7AA469BF}.Debug|Any CPU.Build.0 = Debug|Any CPU
		{69F36738-577A-4F3B-A8BA-D52D7AA469BF}.Release|Any CPU.ActiveCfg = Release|Any CPU
		{69F36738-577A-4F3B-A8BA-D52D7AA469BF}.Release|Any CPU.Build.0 = Release|Any CPU
		{BB5E8CF4-556B-4E72-9FB2-754C4FC0EB69}.Debug|Any CPU.ActiveCfg = Debug|Any CPU
		{BB5E8CF4-556B-4E72-9FB2-754C4FC0EB69}.Debug|Any CPU.Build.0 = Debug|Any CPU
		{BB5E8CF4-556B-4E72-9FB2-754C4FC0EB69}.Release|Any CPU.ActiveCfg = Release|Any CPU
		{BB5E8CF4-556B-4E72-9FB2-754C4FC0EB69}.Release|Any CPU.Build.0 = Release|Any CPU
		{9764F5FB-3850-4253-816F-08AE315A4D09}.Debug|Any CPU.ActiveCfg = Debug|Any CPU
		{9764F5FB-3850-4253-816F-08AE315A4D09}.Debug|Any CPU.Build.0 = Debug|Any CPU
		{9764F5FB-3850-4253-816F-08AE315A4D09}.Release|Any CPU.ActiveCfg = Release|Any CPU
		{9764F5FB-3850-4253-816F-08AE315A4D09}.Release|Any CPU.Build.0 = Release|Any CPU
		{555C59A2-C765-4926-8DE8-3668E7F3E678}.Debug|Any CPU.ActiveCfg = Debug|Any CPU
		{555C59A2-C765-4926-8DE8-3668E7F3E678}.Debug|Any CPU.Build.0 = Debug|Any CPU
		{555C59A2-C765-4926-8DE8-3668E7F3E678}.Release|Any CPU.ActiveCfg = Release|Any CPU
		{555C59A2-C765-4926-8DE8-3668E7F3E678}.Release|Any CPU.Build.0 = Release|Any CPU
	EndGlobalSection
	GlobalSection(SolutionProperties) = preSolution
		HideSolutionNode = FALSE
	EndGlobalSection
	GlobalSection(NestedProjects) = preSolution
		{86C0EDEB-EC2B-4768-BDFE-0DFD6F4C1E34} = {802244A9-DF1F-47FF-B626-23CBB31B2E5B}
		{AEB60C1E-35B8-46D7-AA79-3136A0569A22} = {802244A9-DF1F-47FF-B626-23CBB31B2E5B}
		{CFED639F-92E4-49F3-B825-E413CB5C2749} = {802244A9-DF1F-47FF-B626-23CBB31B2E5B}
		{F5876C56-EBC9-4E1A-AA49-5A815C5D68EF} = {802244A9-DF1F-47FF-B626-23CBB31B2E5B}
		{56C7643C-795D-4801-9250-2724669A304E} = {BFC778AC-CFF9-4EAE-9C31-7AED4E500799}
		{BEE797E5-539A-45D3-89B2-BEF9339D9A17} = {F7B828CA-743C-41AB-998B-B8B44892E51B}
		{C1D9577E-2C6C-4262-BB35-605E7AAE9378} = {F7B828CA-743C-41AB-998B-B8B44892E51B}
		{3891B0FA-6151-43B3-80A7-E27FDD409099} = {F7B828CA-743C-41AB-998B-B8B44892E51B}
		{F1F0EE88-C8C3-4BEC-8C11-015736F89866} = {BFC778AC-CFF9-4EAE-9C31-7AED4E500799}
		{4E9DE099-E8C4-41A1-A6F5-DC267747B3D6} = {BFC778AC-CFF9-4EAE-9C31-7AED4E500799}
		{B824A6E5-6981-4F02-A5D8-2AF4EC23B5CB} = {CF00287A-7CD6-45D5-B043-203B2416CB59}
		{8EDD5F29-8974-4297-A406-1FCA6C8291CD} = {CF00287A-7CD6-45D5-B043-203B2416CB59}
		{5B6EBCA2-5C87-4B84-BCCE-FD13CDB95EED} = {CF00287A-7CD6-45D5-B043-203B2416CB59}
		{32C40BA6-D125-4B38-ABFC-680E2F4B9FC4} = {BFC778AC-CFF9-4EAE-9C31-7AED4E500799}
		{5DAA2CE0-7672-4418-B96A-E5296336B334} = {BFC778AC-CFF9-4EAE-9C31-7AED4E500799}
		{50CC6221-B875-41C4-A3F4-7710F067A4B7} = {BFC778AC-CFF9-4EAE-9C31-7AED4E500799}
		{EA58BF57-CD3A-4AE1-8E49-0FD5CFFDD7EF} = {BFC778AC-CFF9-4EAE-9C31-7AED4E500799}
		{049D0CEB-3C8C-40B7-9E8E-ECB711DACA62} = {BFC778AC-CFF9-4EAE-9C31-7AED4E500799}
		{58A179D8-C0D5-4C16-9917-B12B3798E6B1} = {BFC778AC-CFF9-4EAE-9C31-7AED4E500799}
		{69F36738-577A-4F3B-A8BA-D52D7AA469BF} = {D7BAF576-D7DE-414D-9259-67E8CD144EC1}
		{BB5E8CF4-556B-4E72-9FB2-754C4FC0EB69} = {D7BAF576-D7DE-414D-9259-67E8CD144EC1}
		{9764F5FB-3850-4253-816F-08AE315A4D09} = {D7BAF576-D7DE-414D-9259-67E8CD144EC1}
		{555C59A2-C765-4926-8DE8-3668E7F3E678} = {D7BAF576-D7DE-414D-9259-67E8CD144EC1}
	EndGlobalSection
	GlobalSection(ExtensibilityGlobals) = postSolution
		SolutionGuid = {1E69ACD5-5707-4CE0-BC56-90B2DC613244}
	EndGlobalSection
EndGlobal
